
Microsoft Visual Studio Solution File, Format Version 12.00
# Visual Studio Version 17
VisualStudioVersion = 17.11.35327.3
MinimumVisualStudioVersion = 10.0.40219.1
Project("{FAE04EC0-301F-11D3-BF4B-00C04F79EFBC}") = "ConsoleApp1", "ConsoleApp1\ConsoleApp1.csproj", "{2FF73FF2-5E5D-4888-A0C7-EDD7F0E57922}"
EndProject
Project("{FAE04EC0-301F-11D3-BF4B-00C04F79EFBC}") = "Metody_zad_1", "Metody_zad_1\Metody_zad_1.csproj", "{C3E25495-7D63-454C-B656-AAADB20A2ECC}"
EndProject
Project("{FAE04EC0-301F-11D3-BF4B-00C04F79EFBC}") = "Metody_zad_3", "Metody_zad_3\Metody_zad_3.csproj", "{F4587E34-E61E-4B6F-9C65-805AA661E592}"
EndProject
Project("{FAE04EC0-301F-11D3-BF4B-00C04F79EFBC}") = "Metody_zad_4", "Metody_zad_4\Metody_zad_4.csproj", "{D1D3D15E-31B5-4B3B-8626-EFDC5C70B5C9}"
EndProject
Project("{FAE04EC0-301F-11D3-BF4B-00C04F79EFBC}") = "Metody_zad_5", "Metody_zad_5\Metody_zad_5.csproj", "{8F54FB77-6E2F-4197-8759-0F3FEDACAB34}"
EndProject
Global
	GlobalSection(SolutionConfigurationPlatforms) = preSolution
		Debug|Any CPU = Debug|Any CPU
		Release|Any CPU = Release|Any CPU
	EndGlobalSection
	GlobalSection(ProjectConfigurationPlatforms) = postSolution
		{2FF73FF2-5E5D-4888-A0C7-EDD7F0E57922}.Debug|Any CPU.ActiveCfg = Debug|Any CPU
		{2FF73FF2-5E5D-4888-A0C7-EDD7F0E57922}.Debug|Any CPU.Build.0 = Debug|Any CPU
		{2FF73FF2-5E5D-4888-A0C7-EDD7F0E57922}.Release|Any CPU.ActiveCfg = Release|Any CPU
		{2FF73FF2-5E5D-4888-A0C7-EDD7F0E57922}.Release|Any CPU.Build.0 = Release|Any CPU
		{C3E25495-7D63-454C-B656-AAADB20A2ECC}.Debug|Any CPU.ActiveCfg = Debug|Any CPU
		{C3E25495-7D63-454C-B656-AAADB20A2ECC}.Debug|Any CPU.Build.0 = Debug|Any CPU
		{C3E25495-7D63-454C-B656-AAADB20A2ECC}.Release|Any CPU.ActiveCfg = Release|Any CPU
		{C3E25495-7D63-454C-B656-AAADB20A2ECC}.Release|Any CPU.Build.0 = Release|Any CPU
		{F4587E34-E61E-4B6F-9C65-805AA661E592}.Debug|Any CPU.ActiveCfg = Debug|Any CPU
		{F4587E34-E61E-4B6F-9C65-805AA661E592}.Debug|Any CPU.Build.0 = Debug|Any CPU
		{F4587E34-E61E-4B6F-9C65-805AA661E592}.Release|Any CPU.ActiveCfg = Release|Any CPU
		{F4587E34-E61E-4B6F-9C65-805AA661E592}.Release|Any CPU.Build.0 = Release|Any CPU
		{D1D3D15E-31B5-4B3B-8626-EFDC5C70B5C9}.Debug|Any CPU.ActiveCfg = Debug|Any CPU
		{D1D3D15E-31B5-4B3B-8626-EFDC5C70B5C9}.Debug|Any CPU.Build.0 = Debug|Any CPU
		{D1D3D15E-31B5-4B3B-8626-EFDC5C70B5C9}.Release|Any CPU.ActiveCfg = Release|Any CPU
		{D1D3D15E-31B5-4B3B-8626-EFDC5C70B5C9}.Release|Any CPU.Build.0 = Release|Any CPU
		{8F54FB77-6E2F-4197-8759-0F3FEDACAB34}.Debug|Any CPU.ActiveCfg = Debug|Any CPU
		{8F54FB77-6E2F-4197-8759-0F3FEDACAB34}.Debug|Any CPU.Build.0 = Debug|Any CPU
		{8F54FB77-6E2F-4197-8759-0F3FEDACAB34}.Release|Any CPU.ActiveCfg = Release|Any CPU
		{8F54FB77-6E2F-4197-8759-0F3FEDACAB34}.Release|Any CPU.Build.0 = Release|Any CPU
	EndGlobalSection
	GlobalSection(SolutionProperties) = preSolution
		HideSolutionNode = FALSE
	EndGlobalSection
	GlobalSection(ExtensibilityGlobals) = postSolution
		SolutionGuid = {C0ADC1DF-6929-4689-AF9D-657878902601}
	EndGlobalSection
EndGlobal
