
Microsoft Visual Studio Solution File, Format Version 12.00
# Visual Studio Version 17
VisualStudioVersion = 17.11.35327.3
MinimumVisualStudioVersion = 10.0.40219.1
Project("{FAE04EC0-301F-11D3-BF4B-00C04F79EFBC}") = "ConsoleApp1", "ConsoleApp1\ConsoleApp1.csproj", "{2FF73FF2-5E5D-4888-A0C7-EDD7F0E57922}"
EndProject
Project("{FAE04EC0-301F-11D3-BF4B-00C04F79EFBC}") = "Zadanie 1", "Zadanie 1\Zadanie 1.csproj", "{A4E32F31-01F4-4511-BC4D-698D1E8362CC}"
EndProject
Project("{FAE04EC0-301F-11D3-BF4B-00C04F79EFBC}") = "Zadanie2", "Zadanie2\Zadanie2.csproj", "{6DE926C1-1D0E-4E4C-ABB6-9B5BACED89F9}"
EndProject
Project("{FAE04EC0-301F-11D3-BF4B-00C04F79EFBC}") = "Zadanie 3", "Zadanie 3\Zadanie 3.csproj", "{02A9EB2E-4B25-488E-B3C5-126665E44C17}"
EndProject
Project("{FAE04EC0-301F-11D3-BF4B-00C04F79EFBC}") = "Zadanie 4", "Zadanie 4\Zadanie 4.csproj", "{38C677EA-4C02-45DC-801A-810132E28AC8}"
EndProject
Project("{FAE04EC0-301F-11D3-BF4B-00C04F79EFBC}") = "Zadanie 5", "Zadanie 5\Zadanie 5.csproj", "{167FA4A6-C518-4C1C-BF72-67EF958A4083}"
EndProject
Project("{2150E333-8FDC-42A3-9474-1A3956D46DE8}") = "Solution Items", "Solution Items", "{02EA681E-C7D8-13C7-8484-4AC65E1B71E8}"
	ProjectSection(SolutionItems) = preProject
		.editorconfig = .editorconfig
	EndProjectSection
EndProject
Project("{FAE04EC0-301F-11D3-BF4B-00C04F79EFBC}") = "Zadanie 7", "Zadanie 7\Zadanie 7.csproj", "{0FC66CF8-4B7C-4D78-ACE3-EBAF03656766}"
EndProject
Project("{FAE04EC0-301F-11D3-BF4B-00C04F79EFBC}") = "Zadanie6", "Zadanie6\Zadanie6.csproj", "{1E64B017-4806-45A3-9056-5458AC8288AA}"
EndProject
Global
	GlobalSection(SolutionConfigurationPlatforms) = preSolution
		Debug|Any CPU = Debug|Any CPU
		Release|Any CPU = Release|Any CPU
	EndGlobalSection
	GlobalSection(ProjectConfigurationPlatforms) = postSolution
		{2FF73FF2-5E5D-4888-A0C7-EDD7F0E57922}.Debug|Any CPU.ActiveCfg = Debug|Any CPU
		{2FF73FF2-5E5D-4888-A0C7-EDD7F0E57922}.Debug|Any CPU.Build.0 = Debug|Any CPU
		{2FF73FF2-5E5D-4888-A0C7-EDD7F0E57922}.Release|Any CPU.ActiveCfg = Release|Any CPU
		{2FF73FF2-5E5D-4888-A0C7-EDD7F0E57922}.Release|Any CPU.Build.0 = Release|Any CPU
		{A4E32F31-01F4-4511-BC4D-698D1E8362CC}.Debug|Any CPU.ActiveCfg = Debug|Any CPU
		{A4E32F31-01F4-4511-BC4D-698D1E8362CC}.Debug|Any CPU.Build.0 = Debug|Any CPU
		{A4E32F31-01F4-4511-BC4D-698D1E8362CC}.Release|Any CPU.ActiveCfg = Release|Any CPU
		{A4E32F31-01F4-4511-BC4D-698D1E8362CC}.Release|Any CPU.Build.0 = Release|Any CPU
		{6DE926C1-1D0E-4E4C-ABB6-9B5BACED89F9}.Debug|Any CPU.ActiveCfg = Debug|Any CPU
		{6DE926C1-1D0E-4E4C-ABB6-9B5BACED89F9}.Debug|Any CPU.Build.0 = Debug|Any CPU
		{6DE926C1-1D0E-4E4C-ABB6-9B5BACED89F9}.Release|Any CPU.ActiveCfg = Release|Any CPU
		{6DE926C1-1D0E-4E4C-ABB6-9B5BACED89F9}.Release|Any CPU.Build.0 = Release|Any CPU
		{02A9EB2E-4B25-488E-B3C5-126665E44C17}.Debug|Any CPU.ActiveCfg = Debug|Any CPU
		{02A9EB2E-4B25-488E-B3C5-126665E44C17}.Debug|Any CPU.Build.0 = Debug|Any CPU
		{02A9EB2E-4B25-488E-B3C5-126665E44C17}.Release|Any CPU.ActiveCfg = Release|Any CPU
		{02A9EB2E-4B25-488E-B3C5-126665E44C17}.Release|Any CPU.Build.0 = Release|Any CPU
		{38C677EA-4C02-45DC-801A-810132E28AC8}.Debug|Any CPU.ActiveCfg = Debug|Any CPU
		{38C677EA-4C02-45DC-801A-810132E28AC8}.Debug|Any CPU.Build.0 = Debug|Any CPU
		{38C677EA-4C02-45DC-801A-810132E28AC8}.Release|Any CPU.ActiveCfg = Release|Any CPU
		{38C677EA-4C02-45DC-801A-810132E28AC8}.Release|Any CPU.Build.0 = Release|Any CPU
		{167FA4A6-C518-4C1C-BF72-67EF958A4083}.Debug|Any CPU.ActiveCfg = Debug|Any CPU
		{167FA4A6-C518-4C1C-BF72-67EF958A4083}.Debug|Any CPU.Build.0 = Debug|Any CPU
		{167FA4A6-C518-4C1C-BF72-67EF958A4083}.Release|Any CPU.ActiveCfg = Release|Any CPU
		{167FA4A6-C518-4C1C-BF72-67EF958A4083}.Release|Any CPU.Build.0 = Release|Any CPU
		{0FC66CF8-4B7C-4D78-ACE3-EBAF03656766}.Debug|Any CPU.ActiveCfg = Debug|Any CPU
		{0FC66CF8-4B7C-4D78-ACE3-EBAF03656766}.Debug|Any CPU.Build.0 = Debug|Any CPU
		{0FC66CF8-4B7C-4D78-ACE3-EBAF03656766}.Release|Any CPU.ActiveCfg = Release|Any CPU
		{0FC66CF8-4B7C-4D78-ACE3-EBAF03656766}.Release|Any CPU.Build.0 = Release|Any CPU
		{1E64B017-4806-45A3-9056-5458AC8288AA}.Debug|Any CPU.ActiveCfg = Debug|Any CPU
		{1E64B017-4806-45A3-9056-5458AC8288AA}.Debug|Any CPU.Build.0 = Debug|Any CPU
		{1E64B017-4806-45A3-9056-5458AC8288AA}.Release|Any CPU.ActiveCfg = Release|Any CPU
		{1E64B017-4806-45A3-9056-5458AC8288AA}.Release|Any CPU.Build.0 = Release|Any CPU
	EndGlobalSection
	GlobalSection(SolutionProperties) = preSolution
		HideSolutionNode = FALSE
	EndGlobalSection
	GlobalSection(ExtensibilityGlobals) = postSolution
		SolutionGuid = {C0ADC1DF-6929-4689-AF9D-657878902601}
	EndGlobalSection
EndGlobal
