
Microsoft Visual Studio Solution File, Format Version 12.00
# Visual Studio Version 17
VisualStudioVersion = 17.11.35327.3
MinimumVisualStudioVersion = 10.0.40219.1
Project("{FAE04EC0-301F-11D3-BF4B-00C04F79EFBC}") = "ConsoleApp1", "ConsoleApp1\ConsoleApp1.csproj", "{2FF73FF2-5E5D-4888-A0C7-EDD7F0E57922}"
EndProject
Project("{FAE04EC0-301F-11D3-BF4B-00C04F79EFBC}") = "While.Zad.1", "While.Zad.1\While.Zad.1.csproj", "{7E559743-FB01-4069-ADB2-F990B3D8457F}"
EndProject
Project("{FAE04EC0-301F-11D3-BF4B-00C04F79EFBC}") = "While.Zad.2", "While.Zad.2\While.Zad.2.csproj", "{AC0F0C0F-AAA0-446A-8211-0A476A557C61}"
EndProject
Project("{FAE04EC0-301F-11D3-BF4B-00C04F79EFBC}") = "While.Zad.3", "While.Zad.3\While.Zad.3.csproj", "{B31B5BA6-4E38-43AD-B243-C9D587833149}"
EndProject
Project("{FAE04EC0-301F-11D3-BF4B-00C04F79EFBC}") = "While.Zad.4", "While.Zad.4\While.Zad.4.csproj", "{286B770C-3486-46DD-9360-0EBDF49A0E91}"
EndProject
Project("{FAE04EC0-301F-11D3-BF4B-00C04F79EFBC}") = "While.Zad.5", "While.Zad.5\While.Zad.5.csproj", "{E0108D43-EC0B-42ED-B3DD-26CA787EE9DF}"
EndProject
Project("{FAE04EC0-301F-11D3-BF4B-00C04F79EFBC}") = "While.Zad.6", "While.Zad.6\While.Zad.6.csproj", "{3B049E3F-F915-4E21-BEF0-C2A32484598D}"
EndProject
Project("{FAE04EC0-301F-11D3-BF4B-00C04F79EFBC}") = "While.Zad.7", "While.Zad.7\While.Zad.7.csproj", "{9C9E62D1-1F2D-4C9E-B1F6-04232BCD9B6B}"
EndProject
Project("{FAE04EC0-301F-11D3-BF4B-00C04F79EFBC}") = "While.Zad.8", "While.Zad.8\While.Zad.8.csproj", "{7E552CCC-4CF7-40C5-BF91-C5B279B9724E}"
EndProject
Project("{FAE04EC0-301F-11D3-BF4B-00C04F79EFBC}") = "While.Zad.9", "While.Zad.9\While.Zad.9.csproj", "{0962FD22-1BC9-4547-A06B-B0B12A69A781}"
EndProject
Global
	GlobalSection(SolutionConfigurationPlatforms) = preSolution
		Debug|Any CPU = Debug|Any CPU
		Release|Any CPU = Release|Any CPU
	EndGlobalSection
	GlobalSection(ProjectConfigurationPlatforms) = postSolution
		{2FF73FF2-5E5D-4888-A0C7-EDD7F0E57922}.Debug|Any CPU.ActiveCfg = Debug|Any CPU
		{2FF73FF2-5E5D-4888-A0C7-EDD7F0E57922}.Debug|Any CPU.Build.0 = Debug|Any CPU
		{2FF73FF2-5E5D-4888-A0C7-EDD7F0E57922}.Release|Any CPU.ActiveCfg = Release|Any CPU
		{2FF73FF2-5E5D-4888-A0C7-EDD7F0E57922}.Release|Any CPU.Build.0 = Release|Any CPU
		{7E559743-FB01-4069-ADB2-F990B3D8457F}.Debug|Any CPU.ActiveCfg = Debug|Any CPU
		{7E559743-FB01-4069-ADB2-F990B3D8457F}.Debug|Any CPU.Build.0 = Debug|Any CPU
		{7E559743-FB01-4069-ADB2-F990B3D8457F}.Release|Any CPU.ActiveCfg = Release|Any CPU
		{7E559743-FB01-4069-ADB2-F990B3D8457F}.Release|Any CPU.Build.0 = Release|Any CPU
		{AC0F0C0F-AAA0-446A-8211-0A476A557C61}.Debug|Any CPU.ActiveCfg = Debug|Any CPU
		{AC0F0C0F-AAA0-446A-8211-0A476A557C61}.Debug|Any CPU.Build.0 = Debug|Any CPU
		{AC0F0C0F-AAA0-446A-8211-0A476A557C61}.Release|Any CPU.ActiveCfg = Release|Any CPU
		{AC0F0C0F-AAA0-446A-8211-0A476A557C61}.Release|Any CPU.Build.0 = Release|Any CPU
		{B31B5BA6-4E38-43AD-B243-C9D587833149}.Debug|Any CPU.ActiveCfg = Debug|Any CPU
		{B31B5BA6-4E38-43AD-B243-C9D587833149}.Debug|Any CPU.Build.0 = Debug|Any CPU
		{B31B5BA6-4E38-43AD-B243-C9D587833149}.Release|Any CPU.ActiveCfg = Release|Any CPU
		{B31B5BA6-4E38-43AD-B243-C9D587833149}.Release|Any CPU.Build.0 = Release|Any CPU
		{286B770C-3486-46DD-9360-0EBDF49A0E91}.Debug|Any CPU.ActiveCfg = Debug|Any CPU
		{286B770C-3486-46DD-9360-0EBDF49A0E91}.Debug|Any CPU.Build.0 = Debug|Any CPU
		{286B770C-3486-46DD-9360-0EBDF49A0E91}.Release|Any CPU.ActiveCfg = Release|Any CPU
		{286B770C-3486-46DD-9360-0EBDF49A0E91}.Release|Any CPU.Build.0 = Release|Any CPU
		{E0108D43-EC0B-42ED-B3DD-26CA787EE9DF}.Debug|Any CPU.ActiveCfg = Debug|Any CPU
		{E0108D43-EC0B-42ED-B3DD-26CA787EE9DF}.Debug|Any CPU.Build.0 = Debug|Any CPU
		{E0108D43-EC0B-42ED-B3DD-26CA787EE9DF}.Release|Any CPU.ActiveCfg = Release|Any CPU
		{E0108D43-EC0B-42ED-B3DD-26CA787EE9DF}.Release|Any CPU.Build.0 = Release|Any CPU
		{3B049E3F-F915-4E21-BEF0-C2A32484598D}.Debug|Any CPU.ActiveCfg = Debug|Any CPU
		{3B049E3F-F915-4E21-BEF0-C2A32484598D}.Debug|Any CPU.Build.0 = Debug|Any CPU
		{3B049E3F-F915-4E21-BEF0-C2A32484598D}.Release|Any CPU.ActiveCfg = Release|Any CPU
		{3B049E3F-F915-4E21-BEF0-C2A32484598D}.Release|Any CPU.Build.0 = Release|Any CPU
		{9C9E62D1-1F2D-4C9E-B1F6-04232BCD9B6B}.Debug|Any CPU.ActiveCfg = Debug|Any CPU
		{9C9E62D1-1F2D-4C9E-B1F6-04232BCD9B6B}.Debug|Any CPU.Build.0 = Debug|Any CPU
		{9C9E62D1-1F2D-4C9E-B1F6-04232BCD9B6B}.Release|Any CPU.ActiveCfg = Release|Any CPU
		{9C9E62D1-1F2D-4C9E-B1F6-04232BCD9B6B}.Release|Any CPU.Build.0 = Release|Any CPU
		{7E552CCC-4CF7-40C5-BF91-C5B279B9724E}.Debug|Any CPU.ActiveCfg = Debug|Any CPU
		{7E552CCC-4CF7-40C5-BF91-C5B279B9724E}.Debug|Any CPU.Build.0 = Debug|Any CPU
		{7E552CCC-4CF7-40C5-BF91-C5B279B9724E}.Release|Any CPU.ActiveCfg = Release|Any CPU
		{7E552CCC-4CF7-40C5-BF91-C5B279B9724E}.Release|Any CPU.Build.0 = Release|Any CPU
		{0962FD22-1BC9-4547-A06B-B0B12A69A781}.Debug|Any CPU.ActiveCfg = Debug|Any CPU
		{0962FD22-1BC9-4547-A06B-B0B12A69A781}.Debug|Any CPU.Build.0 = Debug|Any CPU
		{0962FD22-1BC9-4547-A06B-B0B12A69A781}.Release|Any CPU.ActiveCfg = Release|Any CPU
		{0962FD22-1BC9-4547-A06B-B0B12A69A781}.Release|Any CPU.Build.0 = Release|Any CPU
	EndGlobalSection
	GlobalSection(SolutionProperties) = preSolution
		HideSolutionNode = FALSE
	EndGlobalSection
	GlobalSection(ExtensibilityGlobals) = postSolution
		SolutionGuid = {C0ADC1DF-6929-4689-AF9D-657878902601}
	EndGlobalSection
EndGlobal
